// !$*UTF8*$!
{
	archiveVersion = 1;
	classes = {
	};
	objectVersion = 55;
	objects = {

/* Begin PBXBuildFile section */
		AAB97306826202A4D0D2DE37 /* Pods_HMApp.framework in Frameworks */ = {isa = PBXBuildFile; fileRef = 298C84C410D38364B96DC61D /* Pods_HMApp.framework */; };
		C211ED9527CBC1DE0057CD49 /* User.swift in Sources */ = {isa = PBXBuildFile; fileRef = C211ED9427CBC1DE0057CD49 /* User.swift */; };
		C211ED9727CE2C0D0057CD49 /* UserRepository.swift in Sources */ = {isa = PBXBuildFile; fileRef = C211ED9627CE2C0D0057CD49 /* UserRepository.swift */; };
		C2282BDC27FC2A43007A4548 /* KeyChainHelper.swift in Sources */ = {isa = PBXBuildFile; fileRef = C2282BDB27FC2A43007A4548 /* KeyChainHelper.swift */; };
		C2282BDE27FC2A5C007A4548 /* KeyChainPropertyWrapper .swift in Sources */ = {isa = PBXBuildFile; fileRef = C2282BDD27FC2A5C007A4548 /* KeyChainPropertyWrapper .swift */; };
		C272AC432791F6F100C9041F /* HMAppApp.swift in Sources */ = {isa = PBXBuildFile; fileRef = C272AC422791F6F100C9041F /* HMAppApp.swift */; };
		C272AC452791F6F100C9041F /* ContentView.swift in Sources */ = {isa = PBXBuildFile; fileRef = C272AC442791F6F100C9041F /* ContentView.swift */; };
		C272AC472791F6F300C9041F /* Assets.xcassets in Resources */ = {isa = PBXBuildFile; fileRef = C272AC462791F6F300C9041F /* Assets.xcassets */; };
		C272AC4A2791F6F300C9041F /* Preview Assets.xcassets in Resources */ = {isa = PBXBuildFile; fileRef = C272AC492791F6F300C9041F /* Preview Assets.xcassets */; };
		C272AC512791F9D500C9041F /* Color+Ext.swift in Sources */ = {isa = PBXBuildFile; fileRef = C272AC502791F9D500C9041F /* Color+Ext.swift */; };
		C282BD17279F127500482118 /* WelcomeView.swift in Sources */ = {isa = PBXBuildFile; fileRef = C282BD16279F127400482118 /* WelcomeView.swift */; };
		C282BD1A279F1B5D00482118 /* GoogleService-Info.plist in Resources */ = {isa = PBXBuildFile; fileRef = C282BD19279F1B5D00482118 /* GoogleService-Info.plist */; };
		C28C6E6028106E2E00B366AE /* Network.swift in Sources */ = {isa = PBXBuildFile; fileRef = C28C6E5F28106E2E00B366AE /* Network.swift */; };
		C28C6E64281077B900B366AE /* JSONfile.json in Resources */ = {isa = PBXBuildFile; fileRef = C28C6E63281077B900B366AE /* JSONfile.json */; };
		C28C6E67281078AD00B366AE /* Sensors.swift in Sources */ = {isa = PBXBuildFile; fileRef = C28C6E66281078AD00B366AE /* Sensors.swift */; };
		C2BFA48C27A0443E0039A610 /* CustomShapes.swift in Sources */ = {isa = PBXBuildFile; fileRef = C2BFA48B27A0443E0039A610 /* CustomShapes.swift */; };
		C2BFA48E27A0448E0039A610 /* Login.swift in Sources */ = {isa = PBXBuildFile; fileRef = C2BFA48D27A0448E0039A610 /* Login.swift */; };
		C2BFA49027A044DA0039A610 /* SignUp.swift in Sources */ = {isa = PBXBuildFile; fileRef = C2BFA48F27A044DA0039A610 /* SignUp.swift */; };
		C2BFA49227A18E630039A610 /* ViewRepresentable+Ext.swift in Sources */ = {isa = PBXBuildFile; fileRef = C2BFA49127A18E630039A610 /* ViewRepresentable+Ext.swift */; };
		C2BFA49427A321C80039A610 /* HomeView.swift in Sources */ = {isa = PBXBuildFile; fileRef = C2BFA49327A321C80039A610 /* HomeView.swift */; };
		C2BFA49627A3274A0039A610 /* UserDetailsViewModel.swift in Sources */ = {isa = PBXBuildFile; fileRef = C2BFA49527A3274A0039A610 /* UserDetailsViewModel.swift */; };
		C2CB788F280C97330076B186 /* BluetoothManager.swift in Sources */ = {isa = PBXBuildFile; fileRef = C2CB787B280C97330076B186 /* BluetoothManager.swift */; };
		C2CB7890280C97330076B186 /* StripeState.swift in Sources */ = {isa = PBXBuildFile; fileRef = C2CB787C280C97330076B186 /* StripeState.swift */; };
		C2CB7891280C97330076B186 /* StripeData.swift in Sources */ = {isa = PBXBuildFile; fileRef = C2CB787D280C97330076B186 /* StripeData.swift */; };
		C2CB7893280C97330076B186 /* Set+Cancellable.swift in Sources */ = {isa = PBXBuildFile; fileRef = C2CB7881280C97330076B186 /* Set+Cancellable.swift */; };
		C2CB7894280C97330076B186 /* DeviceView.swift in Sources */ = {isa = PBXBuildFile; fileRef = C2CB7884280C97330076B186 /* DeviceView.swift */; };
		C2CB7895280C97330076B186 /* DeviceViewModel.swift in Sources */ = {isa = PBXBuildFile; fileRef = C2CB7885280C97330076B186 /* DeviceViewModel.swift */; };
		C2CB7896280C97330076B186 /* MainViewModel.swift in Sources */ = {isa = PBXBuildFile; fileRef = C2CB7887280C97330076B186 /* MainViewModel.swift */; };
		C2CB7897280C97330076B186 /* MainView.swift in Sources */ = {isa = PBXBuildFile; fileRef = C2CB7888280C97330076B186 /* MainView.swift */; };
		C2CB7898280C97330076B186 /* DevicesViewModel.swift in Sources */ = {isa = PBXBuildFile; fileRef = C2CB788A280C97330076B186 /* DevicesViewModel.swift */; };
		C2CB7899280C97330076B186 /* DevicesView.swift in Sources */ = {isa = PBXBuildFile; fileRef = C2CB788B280C97330076B186 /* DevicesView.swift */; };
		C2D413D327DB161C00F67353 /* Card.swift in Sources */ = {isa = PBXBuildFile; fileRef = C2D413D227DB161C00F67353 /* Card.swift */; };
		C2D413D527DB16E600F67353 /* CardRepository.swift in Sources */ = {isa = PBXBuildFile; fileRef = C2D413D427DB16E600F67353 /* CardRepository.swift */; };
		C2D413DC27DE458100F67353 /* CardItem.swift in Sources */ = {isa = PBXBuildFile; fileRef = C2D413DB27DE458100F67353 /* CardItem.swift */; };
		C2D413DE27DE499800F67353 /* UserInfoTop.swift in Sources */ = {isa = PBXBuildFile; fileRef = C2D413DD27DE499800F67353 /* UserInfoTop.swift */; };
		C2D413E027DE4C3600F67353 /* CardContent.swift in Sources */ = {isa = PBXBuildFile; fileRef = C2D413DF27DE4C3600F67353 /* CardContent.swift */; };
		C2E416FD27E05BEC00281BC1 /* CustomCardsScroll.swift in Sources */ = {isa = PBXBuildFile; fileRef = C2E416FC27E05BEC00281BC1 /* CustomCardsScroll.swift */; };
		C2E6B85B27EE6682007B65CE /* CachedAsyncImage in Frameworks */ = {isa = PBXBuildFile; productRef = C2E6B85A27EE6682007B65CE /* CachedAsyncImage */; };
		C2E6B86127F1B46A007B65CE /* Download.swift in Sources */ = {isa = PBXBuildFile; fileRef = C2E6B86027F1B46A007B65CE /* Download.swift */; };
		C2E6B86427F3373B007B65CE /* EditProfileView.swift in Sources */ = {isa = PBXBuildFile; fileRef = C2E6B86327F3373B007B65CE /* EditProfileView.swift */; };
		C2E6B86627F43D4B007B65CE /* FormView.swift in Sources */ = {isa = PBXBuildFile; fileRef = C2E6B86527F43D4B007B65CE /* FormView.swift */; };
/* End PBXBuildFile section */

/* Begin PBXFileReference section */
		1B60E7FDBAD53DFF35A91B36 /* Pods-HMApp.debug.xcconfig */ = {isa = PBXFileReference; includeInIndex = 1; lastKnownFileType = text.xcconfig; name = "Pods-HMApp.debug.xcconfig"; path = "Target Support Files/Pods-HMApp/Pods-HMApp.debug.xcconfig"; sourceTree = "<group>"; };
		298C84C410D38364B96DC61D /* Pods_HMApp.framework */ = {isa = PBXFileReference; explicitFileType = wrapper.framework; includeInIndex = 0; path = Pods_HMApp.framework; sourceTree = BUILT_PRODUCTS_DIR; };
		C211ED9427CBC1DE0057CD49 /* User.swift */ = {isa = PBXFileReference; lastKnownFileType = sourcecode.swift; path = User.swift; sourceTree = "<group>"; };
		C211ED9627CE2C0D0057CD49 /* UserRepository.swift */ = {isa = PBXFileReference; lastKnownFileType = sourcecode.swift; path = UserRepository.swift; sourceTree = "<group>"; };
		C2282BDB27FC2A43007A4548 /* KeyChainHelper.swift */ = {isa = PBXFileReference; lastKnownFileType = sourcecode.swift; path = KeyChainHelper.swift; sourceTree = "<group>"; };
		C2282BDD27FC2A5C007A4548 /* KeyChainPropertyWrapper .swift */ = {isa = PBXFileReference; lastKnownFileType = sourcecode.swift; path = "KeyChainPropertyWrapper .swift"; sourceTree = "<group>"; };
		C272AC3F2791F6F100C9041F /* HMApp.app */ = {isa = PBXFileReference; explicitFileType = wrapper.application; includeInIndex = 0; path = HMApp.app; sourceTree = BUILT_PRODUCTS_DIR; };
		C272AC422791F6F100C9041F /* HMAppApp.swift */ = {isa = PBXFileReference; lastKnownFileType = sourcecode.swift; path = HMAppApp.swift; sourceTree = "<group>"; };
		C272AC442791F6F100C9041F /* ContentView.swift */ = {isa = PBXFileReference; lastKnownFileType = sourcecode.swift; path = ContentView.swift; sourceTree = "<group>"; };
		C272AC462791F6F300C9041F /* Assets.xcassets */ = {isa = PBXFileReference; lastKnownFileType = folder.assetcatalog; path = Assets.xcassets; sourceTree = "<group>"; };
		C272AC492791F6F300C9041F /* Preview Assets.xcassets */ = {isa = PBXFileReference; lastKnownFileType = folder.assetcatalog; path = "Preview Assets.xcassets"; sourceTree = "<group>"; };
		C272AC502791F9D500C9041F /* Color+Ext.swift */ = {isa = PBXFileReference; lastKnownFileType = sourcecode.swift; path = "Color+Ext.swift"; sourceTree = "<group>"; };
		C282BD16279F127400482118 /* WelcomeView.swift */ = {isa = PBXFileReference; lastKnownFileType = sourcecode.swift; path = WelcomeView.swift; sourceTree = "<group>"; };
		C282BD19279F1B5D00482118 /* GoogleService-Info.plist */ = {isa = PBXFileReference; fileEncoding = 4; lastKnownFileType = text.plist.xml; path = "GoogleService-Info.plist"; sourceTree = "<group>"; };
		C28C6E5F28106E2E00B366AE /* Network.swift */ = {isa = PBXFileReference; lastKnownFileType = sourcecode.swift; path = Network.swift; sourceTree = "<group>"; };
		C28C6E63281077B900B366AE /* JSONfile.json */ = {isa = PBXFileReference; fileEncoding = 4; lastKnownFileType = text.json; path = JSONfile.json; sourceTree = "<group>"; };
		C28C6E66281078AD00B366AE /* Sensors.swift */ = {isa = PBXFileReference; lastKnownFileType = sourcecode.swift; path = Sensors.swift; sourceTree = "<group>"; };
		C2BFA489279F3B6D0039A610 /* Info.plist */ = {isa = PBXFileReference; lastKnownFileType = text.plist.xml; name = Info.plist; path = "HMApp/Supporting Files/Info.plist"; sourceTree = SOURCE_ROOT; };
		C2BFA48B27A0443E0039A610 /* CustomShapes.swift */ = {isa = PBXFileReference; lastKnownFileType = sourcecode.swift; path = CustomShapes.swift; sourceTree = "<group>"; };
		C2BFA48D27A0448E0039A610 /* Login.swift */ = {isa = PBXFileReference; lastKnownFileType = sourcecode.swift; path = Login.swift; sourceTree = "<group>"; };
		C2BFA48F27A044DA0039A610 /* SignUp.swift */ = {isa = PBXFileReference; lastKnownFileType = sourcecode.swift; path = SignUp.swift; sourceTree = "<group>"; };
		C2BFA49127A18E630039A610 /* ViewRepresentable+Ext.swift */ = {isa = PBXFileReference; lastKnownFileType = sourcecode.swift; path = "ViewRepresentable+Ext.swift"; sourceTree = "<group>"; };
		C2BFA49327A321C80039A610 /* HomeView.swift */ = {isa = PBXFileReference; lastKnownFileType = sourcecode.swift; path = HomeView.swift; sourceTree = "<group>"; };
		C2BFA49527A3274A0039A610 /* UserDetailsViewModel.swift */ = {isa = PBXFileReference; lastKnownFileType = sourcecode.swift; path = UserDetailsViewModel.swift; sourceTree = "<group>"; };
		C2CB787B280C97330076B186 /* BluetoothManager.swift */ = {isa = PBXFileReference; fileEncoding = 4; lastKnownFileType = sourcecode.swift; path = BluetoothManager.swift; sourceTree = "<group>"; };
		C2CB787C280C97330076B186 /* StripeState.swift */ = {isa = PBXFileReference; fileEncoding = 4; lastKnownFileType = sourcecode.swift; path = StripeState.swift; sourceTree = "<group>"; };
		C2CB787D280C97330076B186 /* StripeData.swift */ = {isa = PBXFileReference; fileEncoding = 4; lastKnownFileType = sourcecode.swift; path = StripeData.swift; sourceTree = "<group>"; };
		C2CB7881280C97330076B186 /* Set+Cancellable.swift */ = {isa = PBXFileReference; fileEncoding = 4; lastKnownFileType = sourcecode.swift; path = "Set+Cancellable.swift"; sourceTree = "<group>"; };
		C2CB7884280C97330076B186 /* DeviceView.swift */ = {isa = PBXFileReference; fileEncoding = 4; lastKnownFileType = sourcecode.swift; path = DeviceView.swift; sourceTree = "<group>"; };
		C2CB7885280C97330076B186 /* DeviceViewModel.swift */ = {isa = PBXFileReference; fileEncoding = 4; lastKnownFileType = sourcecode.swift; path = DeviceViewModel.swift; sourceTree = "<group>"; };
		C2CB7887280C97330076B186 /* MainViewModel.swift */ = {isa = PBXFileReference; fileEncoding = 4; lastKnownFileType = sourcecode.swift; path = MainViewModel.swift; sourceTree = "<group>"; };
		C2CB7888280C97330076B186 /* MainView.swift */ = {isa = PBXFileReference; fileEncoding = 4; lastKnownFileType = sourcecode.swift; path = MainView.swift; sourceTree = "<group>"; };
		C2CB788A280C97330076B186 /* DevicesViewModel.swift */ = {isa = PBXFileReference; fileEncoding = 4; lastKnownFileType = sourcecode.swift; path = DevicesViewModel.swift; sourceTree = "<group>"; };
		C2CB788B280C97330076B186 /* DevicesView.swift */ = {isa = PBXFileReference; fileEncoding = 4; lastKnownFileType = sourcecode.swift; path = DevicesView.swift; sourceTree = "<group>"; };
		C2D413D227DB161C00F67353 /* Card.swift */ = {isa = PBXFileReference; lastKnownFileType = sourcecode.swift; path = Card.swift; sourceTree = "<group>"; };
		C2D413D427DB16E600F67353 /* CardRepository.swift */ = {isa = PBXFileReference; lastKnownFileType = sourcecode.swift; path = CardRepository.swift; sourceTree = "<group>"; };
		C2D413DB27DE458100F67353 /* CardItem.swift */ = {isa = PBXFileReference; lastKnownFileType = sourcecode.swift; path = CardItem.swift; sourceTree = "<group>"; };
		C2D413DD27DE499800F67353 /* UserInfoTop.swift */ = {isa = PBXFileReference; lastKnownFileType = sourcecode.swift; path = UserInfoTop.swift; sourceTree = "<group>"; };
		C2D413DF27DE4C3600F67353 /* CardContent.swift */ = {isa = PBXFileReference; lastKnownFileType = sourcecode.swift; path = CardContent.swift; sourceTree = "<group>"; };
		C2E416FC27E05BEC00281BC1 /* CustomCardsScroll.swift */ = {isa = PBXFileReference; lastKnownFileType = sourcecode.swift; path = CustomCardsScroll.swift; sourceTree = "<group>"; };
		C2E6B85D27EEEC74007B65CE /* hiddenNavigationBarStyle.swift */ = {isa = PBXFileReference; lastKnownFileType = sourcecode.swift; path = hiddenNavigationBarStyle.swift; sourceTree = "<group>"; };
		C2E6B86027F1B46A007B65CE /* Download.swift */ = {isa = PBXFileReference; lastKnownFileType = sourcecode.swift; path = Download.swift; sourceTree = "<group>"; };
		C2E6B86327F3373B007B65CE /* EditProfileView.swift */ = {isa = PBXFileReference; lastKnownFileType = sourcecode.swift; path = EditProfileView.swift; sourceTree = "<group>"; };
		C2E6B86527F43D4B007B65CE /* FormView.swift */ = {isa = PBXFileReference; lastKnownFileType = sourcecode.swift; path = FormView.swift; sourceTree = "<group>"; };
		E939D5103670EAFC1A77877C /* Pods-HMApp.release.xcconfig */ = {isa = PBXFileReference; includeInIndex = 1; lastKnownFileType = text.xcconfig; name = "Pods-HMApp.release.xcconfig"; path = "Target Support Files/Pods-HMApp/Pods-HMApp.release.xcconfig"; sourceTree = "<group>"; };
/* End PBXFileReference section */

/* Begin PBXFrameworksBuildPhase section */
		C272AC3C2791F6F100C9041F /* Frameworks */ = {
			isa = PBXFrameworksBuildPhase;
			buildActionMask = 2147483647;
			files = (
				AAB97306826202A4D0D2DE37 /* Pods_HMApp.framework in Frameworks */,
				C2E6B85B27EE6682007B65CE /* CachedAsyncImage in Frameworks */,
			);
			runOnlyForDeploymentPostprocessing = 0;
		};
/* End PBXFrameworksBuildPhase section */

/* Begin PBXGroup section */
		A55B172320DF7CF974A6B841 /* Pods */ = {
			isa = PBXGroup;
			children = (
				1B60E7FDBAD53DFF35A91B36 /* Pods-HMApp.debug.xcconfig */,
				E939D5103670EAFC1A77877C /* Pods-HMApp.release.xcconfig */,
			);
			path = Pods;
			sourceTree = "<group>";
		};
		AA31EDD60C0205CFF5C3F7BA /* Frameworks */ = {
			isa = PBXGroup;
			children = (
				298C84C410D38364B96DC61D /* Pods_HMApp.framework */,
			);
			name = Frameworks;
			sourceTree = "<group>";
		};
		C211ED9027CBBFFF0057CD49 /* Repository */ = {
			isa = PBXGroup;
			children = (
				C211ED9627CE2C0D0057CD49 /* UserRepository.swift */,
				C2D413D427DB16E600F67353 /* CardRepository.swift */,
				C28C6E5F28106E2E00B366AE /* Network.swift */,
			);
			path = Repository;
			sourceTree = "<group>";
		};
		C211ED9327CBC0420057CD49 /* Models */ = {
			isa = PBXGroup;
			children = (
				C211ED9427CBC1DE0057CD49 /* User.swift */,
				C2D413D227DB161C00F67353 /* Card.swift */,
				C2E6B86027F1B46A007B65CE /* Download.swift */,
				C28C6E66281078AD00B366AE /* Sensors.swift */,
			);
			path = Models;
			sourceTree = "<group>";
		};
		C211ED9827CE2EDA0057CD49 /* ViewModels */ = {
			isa = PBXGroup;
			children = (
				C2BFA49527A3274A0039A610 /* UserDetailsViewModel.swift */,
			);
			path = ViewModels;
			sourceTree = "<group>";
		};
		C2282BDA27FC2A28007A4548 /* Helpers */ = {
			isa = PBXGroup;
			children = (
				C2282BDB27FC2A43007A4548 /* KeyChainHelper.swift */,
				C2282BDD27FC2A5C007A4548 /* KeyChainPropertyWrapper .swift */,
			);
			path = Helpers;
			sourceTree = "<group>";
		};
		C272AC362791F6F100C9041F = {
			isa = PBXGroup;
			children = (
				C272AC412791F6F100C9041F /* HMApp */,
				C272AC402791F6F100C9041F /* Products */,
				A55B172320DF7CF974A6B841 /* Pods */,
				AA31EDD60C0205CFF5C3F7BA /* Frameworks */,
			);
			sourceTree = "<group>";
		};
		C272AC402791F6F100C9041F /* Products */ = {
			isa = PBXGroup;
			children = (
				C272AC3F2791F6F100C9041F /* HMApp.app */,
			);
			name = Products;
			sourceTree = "<group>";
		};
		C272AC412791F6F100C9041F /* HMApp */ = {
			isa = PBXGroup;
			children = (
				C28C6E63281077B900B366AE /* JSONfile.json */,
				C2CB7877280C97330076B186 /* ColorStripeBluetooth */,
				C2282BDA27FC2A28007A4548 /* Helpers */,
				C2E6B85C27EEEC59007B65CE /* ViewModifiers */,
				C2D413D827DE455900F67353 /* Views */,
				C2D413D627DB511700F67353 /* Extensions */,
				C211ED9827CE2EDA0057CD49 /* ViewModels */,
				C211ED9327CBC0420057CD49 /* Models */,
				C211ED9027CBBFFF0057CD49 /* Repository */,
				C272AC422791F6F100C9041F /* HMAppApp.swift */,
				C272AC442791F6F100C9041F /* ContentView.swift */,
				C2BFA48A27A000460039A610 /* Supporting Files */,
				C272AC482791F6F300C9041F /* Preview Content */,
			);
			path = HMApp;
			sourceTree = "<group>";
		};
		C272AC482791F6F300C9041F /* Preview Content */ = {
			isa = PBXGroup;
			children = (
				C272AC492791F6F300C9041F /* Preview Assets.xcassets */,
			);
			path = "Preview Content";
			sourceTree = "<group>";
		};
		C282BD14279EDE3000482118 /* AuthentificationScreen */ = {
			isa = PBXGroup;
			children = (
				C282BD16279F127400482118 /* WelcomeView.swift */,
				C2BFA48B27A0443E0039A610 /* CustomShapes.swift */,
				C2BFA48D27A0448E0039A610 /* Login.swift */,
				C2BFA48F27A044DA0039A610 /* SignUp.swift */,
				C2BFA49127A18E630039A610 /* ViewRepresentable+Ext.swift */,
			);
			path = AuthentificationScreen;
			sourceTree = "<group>";
		};
		C282BD15279EDE4800482118 /* HomeScreen */ = {
			isa = PBXGroup;
			children = (
				C2D413DB27DE458100F67353 /* CardItem.swift */,
				C2BFA49327A321C80039A610 /* HomeView.swift */,
				C2D413DD27DE499800F67353 /* UserInfoTop.swift */,
				C2D413DF27DE4C3600F67353 /* CardContent.swift */,
				C2E416FC27E05BEC00281BC1 /* CustomCardsScroll.swift */,
			);
			path = HomeScreen;
			sourceTree = "<group>";
		};
		C282BD18279F133800482118 /* Color+Ext */ = {
			isa = PBXGroup;
			children = (
				C272AC502791F9D500C9041F /* Color+Ext.swift */,
			);
			path = "Color+Ext";
			sourceTree = "<group>";
		};
		C2BFA48A27A000460039A610 /* Supporting Files */ = {
			isa = PBXGroup;
			children = (
				C2BFA489279F3B6D0039A610 /* Info.plist */,
				C282BD19279F1B5D00482118 /* GoogleService-Info.plist */,
				C272AC462791F6F300C9041F /* Assets.xcassets */,
			);
			path = "Supporting Files";
			sourceTree = "<group>";
		};
		C2CB7877280C97330076B186 /* ColorStripeBluetooth */ = {
			isa = PBXGroup;
			children = (
				C2CB787A280C97330076B186 /* Models */,
				C2CB7880280C97330076B186 /* Extensions */,
				C2CB7882280C97330076B186 /* Views */,
			);
			path = ColorStripeBluetooth;
			sourceTree = "<group>";
		};
		C2CB787A280C97330076B186 /* Models */ = {
			isa = PBXGroup;
			children = (
				C2CB787B280C97330076B186 /* BluetoothManager.swift */,
				C2CB787C280C97330076B186 /* StripeState.swift */,
				C2CB787D280C97330076B186 /* StripeData.swift */,
			);
			path = Models;
			sourceTree = "<group>";
		};
		C2CB7880280C97330076B186 /* Extensions */ = {
			isa = PBXGroup;
			children = (
				C2CB7881280C97330076B186 /* Set+Cancellable.swift */,
			);
			path = Extensions;
			sourceTree = "<group>";
		};
		C2CB7882280C97330076B186 /* Views */ = {
			isa = PBXGroup;
			children = (
				C2CB7883280C97330076B186 /* Device */,
				C2CB7886280C97330076B186 /* Main */,
				C2CB7889280C97330076B186 /* Devices */,
			);
			path = Views;
			sourceTree = "<group>";
		};
		C2CB7883280C97330076B186 /* Device */ = {
			isa = PBXGroup;
			children = (
				C2CB7884280C97330076B186 /* DeviceView.swift */,
				C2CB7885280C97330076B186 /* DeviceViewModel.swift */,
			);
			path = Device;
			sourceTree = "<group>";
		};
		C2CB7886280C97330076B186 /* Main */ = {
			isa = PBXGroup;
			children = (
				C2CB7887280C97330076B186 /* MainViewModel.swift */,
				C2CB7888280C97330076B186 /* MainView.swift */,
			);
			path = Main;
			sourceTree = "<group>";
		};
		C2CB7889280C97330076B186 /* Devices */ = {
			isa = PBXGroup;
			children = (
				C2CB788A280C97330076B186 /* DevicesViewModel.swift */,
				C2CB788B280C97330076B186 /* DevicesView.swift */,
			);
			path = Devices;
			sourceTree = "<group>";
		};
		C2D413D627DB511700F67353 /* Extensions */ = {
			isa = PBXGroup;
			children = (
				C282BD18279F133800482118 /* Color+Ext */,
			);
			path = Extensions;
			sourceTree = "<group>";
		};
		C2D413D827DE455900F67353 /* Views */ = {
			isa = PBXGroup;
			children = (
				C2E6B86227F3370F007B65CE /* EditProfileScreen */,
				C282BD14279EDE3000482118 /* AuthentificationScreen */,
				C282BD15279EDE4800482118 /* HomeScreen */,
			);
			path = Views;
			sourceTree = "<group>";
		};
		C2E6B85C27EEEC59007B65CE /* ViewModifiers */ = {
			isa = PBXGroup;
			children = (
				C2E6B85D27EEEC74007B65CE /* hiddenNavigationBarStyle.swift */,
			);
			path = ViewModifiers;
			sourceTree = "<group>";
		};
		C2E6B86227F3370F007B65CE /* EditProfileScreen */ = {
			isa = PBXGroup;
			children = (
				C2E6B86327F3373B007B65CE /* EditProfileView.swift */,
				C2E6B86527F43D4B007B65CE /* FormView.swift */,
			);
			path = EditProfileScreen;
			sourceTree = "<group>";
		};
/* End PBXGroup section */

/* Begin PBXNativeTarget section */
		C272AC3E2791F6F100C9041F /* HMApp */ = {
			isa = PBXNativeTarget;
			buildConfigurationList = C272AC4D2791F6F300C9041F /* Build configuration list for PBXNativeTarget "HMApp" */;
			buildPhases = (
				0F8F3A6D8627C5DF7D05CD3F /* [CP] Check Pods Manifest.lock */,
				C272AC3B2791F6F100C9041F /* Sources */,
				C272AC3C2791F6F100C9041F /* Frameworks */,
				C272AC3D2791F6F100C9041F /* Resources */,
				8C6C4415326E521E628A5229 /* [CP] Embed Pods Frameworks */,
			);
			buildRules = (
			);
			dependencies = (
			);
			name = HMApp;
			packageProductDependencies = (
				C2E6B85A27EE6682007B65CE /* CachedAsyncImage */,
			);
			productName = HMApp;
			productReference = C272AC3F2791F6F100C9041F /* HMApp.app */;
			productType = "com.apple.product-type.application";
		};
/* End PBXNativeTarget section */

/* Begin PBXProject section */
		C272AC372791F6F100C9041F /* Project object */ = {
			isa = PBXProject;
			attributes = {
				BuildIndependentTargetsInParallel = 1;
				LastSwiftUpdateCheck = 1320;
				LastUpgradeCheck = 1320;
				TargetAttributes = {
					C272AC3E2791F6F100C9041F = {
						CreatedOnToolsVersion = 13.2.1;
					};
				};
			};
			buildConfigurationList = C272AC3A2791F6F100C9041F /* Build configuration list for PBXProject "HMApp" */;
			compatibilityVersion = "Xcode 13.0";
			developmentRegion = en;
			hasScannedForEncodings = 0;
			knownRegions = (
				en,
				Base,
			);
			mainGroup = C272AC362791F6F100C9041F;
			packageReferences = (
				C2BFA486279F39B40039A610 /* XCRemoteSwiftPackageReference "GoogleSignIn-iOS" */,
				C2E6B85927EE6682007B65CE /* XCRemoteSwiftPackageReference "swiftui-cached-async-image" */,
			);
			productRefGroup = C272AC402791F6F100C9041F /* Products */;
			projectDirPath = "";
			projectRoot = "";
			targets = (
				C272AC3E2791F6F100C9041F /* HMApp */,
			);
		};
/* End PBXProject section */

/* Begin PBXResourcesBuildPhase section */
		C272AC3D2791F6F100C9041F /* Resources */ = {
			isa = PBXResourcesBuildPhase;
			buildActionMask = 2147483647;
			files = (
				C272AC4A2791F6F300C9041F /* Preview Assets.xcassets in Resources */,
				C272AC472791F6F300C9041F /* Assets.xcassets in Resources */,
				C282BD1A279F1B5D00482118 /* GoogleService-Info.plist in Resources */,
				C28C6E64281077B900B366AE /* JSONfile.json in Resources */,
			);
			runOnlyForDeploymentPostprocessing = 0;
		};
/* End PBXResourcesBuildPhase section */

/* Begin PBXShellScriptBuildPhase section */
		0F8F3A6D8627C5DF7D05CD3F /* [CP] Check Pods Manifest.lock */ = {
			isa = PBXShellScriptBuildPhase;
			buildActionMask = 2147483647;
			files = (
			);
			inputFileListPaths = (
			);
			inputPaths = (
				"${PODS_PODFILE_DIR_PATH}/Podfile.lock",
				"${PODS_ROOT}/Manifest.lock",
			);
			name = "[CP] Check Pods Manifest.lock";
			outputFileListPaths = (
			);
			outputPaths = (
				"$(DERIVED_FILE_DIR)/Pods-HMApp-checkManifestLockResult.txt",
			);
			runOnlyForDeploymentPostprocessing = 0;
			shellPath = /bin/sh;
			shellScript = "diff \"${PODS_PODFILE_DIR_PATH}/Podfile.lock\" \"${PODS_ROOT}/Manifest.lock\" > /dev/null\nif [ $? != 0 ] ; then\n    # print error to STDERR\n    echo \"error: The sandbox is not in sync with the Podfile.lock. Run 'pod install' or update your CocoaPods installation.\" >&2\n    exit 1\nfi\n# This output is used by Xcode 'outputs' to avoid re-running this script phase.\necho \"SUCCESS\" > \"${SCRIPT_OUTPUT_FILE_0}\"\n";
			showEnvVarsInLog = 0;
		};
		8C6C4415326E521E628A5229 /* [CP] Embed Pods Frameworks */ = {
			isa = PBXShellScriptBuildPhase;
			buildActionMask = 2147483647;
			files = (
			);
			inputFileListPaths = (
				"${PODS_ROOT}/Target Support Files/Pods-HMApp/Pods-HMApp-frameworks-${CONFIGURATION}-input-files.xcfilelist",
			);
			name = "[CP] Embed Pods Frameworks";
			outputFileListPaths = (
				"${PODS_ROOT}/Target Support Files/Pods-HMApp/Pods-HMApp-frameworks-${CONFIGURATION}-output-files.xcfilelist",
			);
			runOnlyForDeploymentPostprocessing = 0;
			shellPath = /bin/sh;
			shellScript = "\"${PODS_ROOT}/Target Support Files/Pods-HMApp/Pods-HMApp-frameworks.sh\"\n";
			showEnvVarsInLog = 0;
		};
/* End PBXShellScriptBuildPhase section */

/* Begin PBXSourcesBuildPhase section */
		C272AC3B2791F6F100C9041F /* Sources */ = {
			isa = PBXSourcesBuildPhase;
			buildActionMask = 2147483647;
			files = (
				C211ED9727CE2C0D0057CD49 /* UserRepository.swift in Sources */,
				C2CB7899280C97330076B186 /* DevicesView.swift in Sources */,
				C2BFA49427A321C80039A610 /* HomeView.swift in Sources */,
				C2CB788F280C97330076B186 /* BluetoothManager.swift in Sources */,
				C2D413DC27DE458100F67353 /* CardItem.swift in Sources */,
				C2BFA49027A044DA0039A610 /* SignUp.swift in Sources */,
				C2BFA49227A18E630039A610 /* ViewRepresentable+Ext.swift in Sources */,
				C2282BDE27FC2A5C007A4548 /* KeyChainPropertyWrapper .swift in Sources */,
				C2282BDC27FC2A43007A4548 /* KeyChainHelper.swift in Sources */,
				C2E6B86427F3373B007B65CE /* EditProfileView.swift in Sources */,
				C272AC512791F9D500C9041F /* Color+Ext.swift in Sources */,
				C211ED9527CBC1DE0057CD49 /* User.swift in Sources */,
				C2CB7898280C97330076B186 /* DevicesViewModel.swift in Sources */,
				C272AC452791F6F100C9041F /* ContentView.swift in Sources */,
				C2CB7890280C97330076B186 /* StripeState.swift in Sources */,
				C2CB7894280C97330076B186 /* DeviceView.swift in Sources */,
				C2E6B86627F43D4B007B65CE /* FormView.swift in Sources */,
				C2D413D527DB16E600F67353 /* CardRepository.swift in Sources */,
				C2BFA48C27A0443E0039A610 /* CustomShapes.swift in Sources */,
				C2D413DE27DE499800F67353 /* UserInfoTop.swift in Sources */,
				C2CB7897280C97330076B186 /* MainView.swift in Sources */,
				C2E416FD27E05BEC00281BC1 /* CustomCardsScroll.swift in Sources */,
				C2E6B86127F1B46A007B65CE /* Download.swift in Sources */,
				C2D413D327DB161C00F67353 /* Card.swift in Sources */,
				C2BFA48E27A0448E0039A610 /* Login.swift in Sources */,
				C272AC432791F6F100C9041F /* HMAppApp.swift in Sources */,
				C2CB7893280C97330076B186 /* Set+Cancellable.swift in Sources */,
				C2CB7891280C97330076B186 /* StripeData.swift in Sources */,
				C2D413E027DE4C3600F67353 /* CardContent.swift in Sources */,
				C2BFA49627A3274A0039A610 /* UserDetailsViewModel.swift in Sources */,
				C2CB7895280C97330076B186 /* DeviceViewModel.swift in Sources */,
				C282BD17279F127500482118 /* WelcomeView.swift in Sources */,
				C2CB7896280C97330076B186 /* MainViewModel.swift in Sources */,
				C28C6E6028106E2E00B366AE /* Network.swift in Sources */,
				C28C6E67281078AD00B366AE /* Sensors.swift in Sources */,
			);
			runOnlyForDeploymentPostprocessing = 0;
		};
/* End PBXSourcesBuildPhase section */

/* Begin XCBuildConfiguration section */
		C272AC4B2791F6F300C9041F /* Debug */ = {
			isa = XCBuildConfiguration;
			buildSettings = {
				ALWAYS_SEARCH_USER_PATHS = NO;
				CLANG_ANALYZER_NONNULL = YES;
				CLANG_ANALYZER_NUMBER_OBJECT_CONVERSION = YES_AGGRESSIVE;
				CLANG_CXX_LANGUAGE_STANDARD = "gnu++17";
				CLANG_CXX_LIBRARY = "libc++";
				CLANG_ENABLE_MODULES = YES;
				CLANG_ENABLE_OBJC_ARC = YES;
				CLANG_ENABLE_OBJC_WEAK = YES;
				CLANG_WARN_BLOCK_CAPTURE_AUTORELEASING = YES;
				CLANG_WARN_BOOL_CONVERSION = YES;
				CLANG_WARN_COMMA = YES;
				CLANG_WARN_CONSTANT_CONVERSION = YES;
				CLANG_WARN_DEPRECATED_OBJC_IMPLEMENTATIONS = YES;
				CLANG_WARN_DIRECT_OBJC_ISA_USAGE = YES_ERROR;
				CLANG_WARN_DOCUMENTATION_COMMENTS = YES;
				CLANG_WARN_EMPTY_BODY = YES;
				CLANG_WARN_ENUM_CONVERSION = YES;
				CLANG_WARN_INFINITE_RECURSION = YES;
				CLANG_WARN_INT_CONVERSION = YES;
				CLANG_WARN_NON_LITERAL_NULL_CONVERSION = YES;
				CLANG_WARN_OBJC_IMPLICIT_RETAIN_SELF = YES;
				CLANG_WARN_OBJC_LITERAL_CONVERSION = YES;
				CLANG_WARN_OBJC_ROOT_CLASS = YES_ERROR;
				CLANG_WARN_QUOTED_INCLUDE_IN_FRAMEWORK_HEADER = YES;
				CLANG_WARN_RANGE_LOOP_ANALYSIS = YES;
				CLANG_WARN_STRICT_PROTOTYPES = YES;
				CLANG_WARN_SUSPICIOUS_MOVE = YES;
				CLANG_WARN_UNGUARDED_AVAILABILITY = YES_AGGRESSIVE;
				CLANG_WARN_UNREACHABLE_CODE = YES;
				CLANG_WARN__DUPLICATE_METHOD_MATCH = YES;
				COPY_PHASE_STRIP = NO;
				DEBUG_INFORMATION_FORMAT = dwarf;
				ENABLE_STRICT_OBJC_MSGSEND = YES;
				ENABLE_TESTABILITY = YES;
				GCC_C_LANGUAGE_STANDARD = gnu11;
				GCC_DYNAMIC_NO_PIC = NO;
				GCC_NO_COMMON_BLOCKS = YES;
				GCC_OPTIMIZATION_LEVEL = 0;
				GCC_PREPROCESSOR_DEFINITIONS = (
					"DEBUG=1",
					"$(inherited)",
				);
				GCC_WARN_64_TO_32_BIT_CONVERSION = YES;
				GCC_WARN_ABOUT_RETURN_TYPE = YES_ERROR;
				GCC_WARN_UNDECLARED_SELECTOR = YES;
				GCC_WARN_UNINITIALIZED_AUTOS = YES_AGGRESSIVE;
				GCC_WARN_UNUSED_FUNCTION = YES;
				GCC_WARN_UNUSED_VARIABLE = YES;
				IPHONEOS_DEPLOYMENT_TARGET = 15.2;
				MTL_ENABLE_DEBUG_INFO = INCLUDE_SOURCE;
				MTL_FAST_MATH = YES;
				ONLY_ACTIVE_ARCH = YES;
				SDKROOT = iphoneos;
				SUPPORTED_PLATFORMS = "iphonesimulator iphoneos";
				SWIFT_ACTIVE_COMPILATION_CONDITIONS = DEBUG;
				SWIFT_OPTIMIZATION_LEVEL = "-Onone";
			};
			name = Debug;
		};
		C272AC4C2791F6F300C9041F /* Release */ = {
			isa = XCBuildConfiguration;
			buildSettings = {
				ALWAYS_SEARCH_USER_PATHS = NO;
				CLANG_ANALYZER_NONNULL = YES;
				CLANG_ANALYZER_NUMBER_OBJECT_CONVERSION = YES_AGGRESSIVE;
				CLANG_CXX_LANGUAGE_STANDARD = "gnu++17";
				CLANG_CXX_LIBRARY = "libc++";
				CLANG_ENABLE_MODULES = YES;
				CLANG_ENABLE_OBJC_ARC = YES;
				CLANG_ENABLE_OBJC_WEAK = YES;
				CLANG_WARN_BLOCK_CAPTURE_AUTORELEASING = YES;
				CLANG_WARN_BOOL_CONVERSION = YES;
				CLANG_WARN_COMMA = YES;
				CLANG_WARN_CONSTANT_CONVERSION = YES;
				CLANG_WARN_DEPRECATED_OBJC_IMPLEMENTATIONS = YES;
				CLANG_WARN_DIRECT_OBJC_ISA_USAGE = YES_ERROR;
				CLANG_WARN_DOCUMENTATION_COMMENTS = YES;
				CLANG_WARN_EMPTY_BODY = YES;
				CLANG_WARN_ENUM_CONVERSION = YES;
				CLANG_WARN_INFINITE_RECURSION = YES;
				CLANG_WARN_INT_CONVERSION = YES;
				CLANG_WARN_NON_LITERAL_NULL_CONVERSION = YES;
				CLANG_WARN_OBJC_IMPLICIT_RETAIN_SELF = YES;
				CLANG_WARN_OBJC_LITERAL_CONVERSION = YES;
				CLANG_WARN_OBJC_ROOT_CLASS = YES_ERROR;
				CLANG_WARN_QUOTED_INCLUDE_IN_FRAMEWORK_HEADER = YES;
				CLANG_WARN_RANGE_LOOP_ANALYSIS = YES;
				CLANG_WARN_STRICT_PROTOTYPES = YES;
				CLANG_WARN_SUSPICIOUS_MOVE = YES;
				CLANG_WARN_UNGUARDED_AVAILABILITY = YES_AGGRESSIVE;
				CLANG_WARN_UNREACHABLE_CODE = YES;
				CLANG_WARN__DUPLICATE_METHOD_MATCH = YES;
				COPY_PHASE_STRIP = NO;
				DEBUG_INFORMATION_FORMAT = "dwarf-with-dsym";
				ENABLE_NS_ASSERTIONS = NO;
				ENABLE_STRICT_OBJC_MSGSEND = YES;
				GCC_C_LANGUAGE_STANDARD = gnu11;
				GCC_NO_COMMON_BLOCKS = YES;
				GCC_WARN_64_TO_32_BIT_CONVERSION = YES;
				GCC_WARN_ABOUT_RETURN_TYPE = YES_ERROR;
				GCC_WARN_UNDECLARED_SELECTOR = YES;
				GCC_WARN_UNINITIALIZED_AUTOS = YES_AGGRESSIVE;
				GCC_WARN_UNUSED_FUNCTION = YES;
				GCC_WARN_UNUSED_VARIABLE = YES;
				IPHONEOS_DEPLOYMENT_TARGET = 15.2;
				MTL_ENABLE_DEBUG_INFO = NO;
				MTL_FAST_MATH = YES;
				SDKROOT = iphoneos;
				SUPPORTED_PLATFORMS = "iphonesimulator iphoneos";
				SWIFT_COMPILATION_MODE = wholemodule;
				SWIFT_OPTIMIZATION_LEVEL = "-O";
				VALIDATE_PRODUCT = YES;
			};
			name = Release;
		};
		C272AC4E2791F6F300C9041F /* Debug */ = {
			isa = XCBuildConfiguration;
			baseConfigurationReference = 1B60E7FDBAD53DFF35A91B36 /* Pods-HMApp.debug.xcconfig */;
			buildSettings = {
				ASSETCATALOG_COMPILER_APPICON_NAME = AppIcon;
				ASSETCATALOG_COMPILER_GLOBAL_ACCENT_COLOR_NAME = AccentColor;
				CODE_SIGN_STYLE = Automatic;
				CURRENT_PROJECT_VERSION = 1;
				DEVELOPMENT_ASSET_PATHS = "\"HMApp/Preview Content\"";
				DEVELOPMENT_TEAM = T68A89LKNX;
				ENABLE_PREVIEWS = YES;
				GENERATE_INFOPLIST_FILE = YES;
				INFOPLIST_FILE = "HMApp/Supporting Files/Info.plist";
				INFOPLIST_KEY_NSBluetoothAlwaysUsageDescription = Control;
				INFOPLIST_KEY_UIApplicationSceneManifest_Generation = YES;
				INFOPLIST_KEY_UIApplicationSupportsIndirectInputEvents = YES;
				INFOPLIST_KEY_UILaunchScreen_Generation = YES;
				INFOPLIST_KEY_UISupportedInterfaceOrientations_iPad = "UIInterfaceOrientationPortrait UIInterfaceOrientationPortraitUpsideDown UIInterfaceOrientationLandscapeLeft UIInterfaceOrientationLandscapeRight";
				INFOPLIST_KEY_UISupportedInterfaceOrientations_iPhone = "UIInterfaceOrientationPortrait UIInterfaceOrientationLandscapeLeft UIInterfaceOrientationLandscapeRight";
				LD_RUNPATH_SEARCH_PATHS = (
					"$(inherited)",
					"@executable_path/Frameworks",
				);
				MARKETING_VERSION = 1.0;
				PRODUCT_BUNDLE_IDENTIFIER = Zlmnv.HMApp;
				PRODUCT_NAME = "$(TARGET_NAME)";
				SWIFT_EMIT_LOC_STRINGS = YES;
				SWIFT_VERSION = 5.0;
				TARGETED_DEVICE_FAMILY = "1,2";
			};
			name = Debug;
		};
		C272AC4F2791F6F300C9041F /* Release */ = {
			isa = XCBuildConfiguration;
			baseConfigurationReference = E939D5103670EAFC1A77877C /* Pods-HMApp.release.xcconfig */;
			buildSettings = {
				ASSETCATALOG_COMPILER_APPICON_NAME = AppIcon;
				ASSETCATALOG_COMPILER_GLOBAL_ACCENT_COLOR_NAME = AccentColor;
				CODE_SIGN_ENTITLEMENTS = HMApp/HMAppRelease.entitlements;
				CODE_SIGN_STYLE = Automatic;
				CURRENT_PROJECT_VERSION = 1;
				DEVELOPMENT_ASSET_PATHS = "\"HMApp/Preview Content\"";
				DEVELOPMENT_TEAM = T68A89LKNX;
				ENABLE_PREVIEWS = YES;
				GENERATE_INFOPLIST_FILE = YES;
				INFOPLIST_FILE = "HMApp/Supporting Files/Info.plist";
				INFOPLIST_KEY_NSBluetoothAlwaysUsageDescription = Control;
				INFOPLIST_KEY_UIApplicationSceneManifest_Generation = YES;
				INFOPLIST_KEY_UIApplicationSupportsIndirectInputEvents = YES;
				INFOPLIST_KEY_UILaunchScreen_Generation = YES;
				INFOPLIST_KEY_UISupportedInterfaceOrientations_iPad = "UIInterfaceOrientationPortrait UIInterfaceOrientationPortraitUpsideDown UIInterfaceOrientationLandscapeLeft UIInterfaceOrientationLandscapeRight";
				INFOPLIST_KEY_UISupportedInterfaceOrientations_iPhone = "UIInterfaceOrientationPortrait UIInterfaceOrientationLandscapeLeft UIInterfaceOrientationLandscapeRight";
				LD_RUNPATH_SEARCH_PATHS = (
					"$(inherited)",
					"@executable_path/Frameworks",
				);
				MARKETING_VERSION = 1.0;
				PRODUCT_BUNDLE_IDENTIFIER = Zlmnv.HMApp;
				PRODUCT_NAME = "$(TARGET_NAME)";
				SWIFT_EMIT_LOC_STRINGS = YES;
				SWIFT_VERSION = 5.0;
				TARGETED_DEVICE_FAMILY = "1,2";
			};
			name = Release;
		};
/* End XCBuildConfiguration section */

/* Begin XCConfigurationList section */
		C272AC3A2791F6F100C9041F /* Build configuration list for PBXProject "HMApp" */ = {
			isa = XCConfigurationList;
			buildConfigurations = (
				C272AC4B2791F6F300C9041F /* Debug */,
				C272AC4C2791F6F300C9041F /* Release */,
			);
			defaultConfigurationIsVisible = 0;
			defaultConfigurationName = Release;
		};
		C272AC4D2791F6F300C9041F /* Build configuration list for PBXNativeTarget "HMApp" */ = {
			isa = XCConfigurationList;
			buildConfigurations = (
				C272AC4E2791F6F300C9041F /* Debug */,
				C272AC4F2791F6F300C9041F /* Release */,
			);
			defaultConfigurationIsVisible = 0;
			defaultConfigurationName = Release;
		};
/* End XCConfigurationList section */

/* Begin XCRemoteSwiftPackageReference section */
		C2BFA486279F39B40039A610 /* XCRemoteSwiftPackageReference "GoogleSignIn-iOS" */ = {
			isa = XCRemoteSwiftPackageReference;
			repositoryURL = "https://github.com/google/GoogleSignIn-iOS.git";
			requirement = {
				branch = main;
				kind = branch;
			};
		};
		C2E6B85927EE6682007B65CE /* XCRemoteSwiftPackageReference "swiftui-cached-async-image" */ = {
			isa = XCRemoteSwiftPackageReference;
			repositoryURL = "https://github.com/lorenzofiamingo/swiftui-cached-async-image";
			requirement = {
				kind = upToNextMajorVersion;
				minimumVersion = 2.0.0;
			};
		};
/* End XCRemoteSwiftPackageReference section */

/* Begin XCSwiftPackageProductDependency section */
		C2E6B85A27EE6682007B65CE /* CachedAsyncImage */ = {
			isa = XCSwiftPackageProductDependency;
			package = C2E6B85927EE6682007B65CE /* XCRemoteSwiftPackageReference "swiftui-cached-async-image" */;
			productName = CachedAsyncImage;
		};
/* End XCSwiftPackageProductDependency section */
	};
	rootObject = C272AC372791F6F100C9041F /* Project object */;
}
